# This file is autogenerated, do not edit; changes may be undone by the next 'dep ensure'.


[[projects]]
  digest = "1:b7096d56f1c561afe780c0e7ce176d890340f6abbac3ff6758c1a84e9a86e6f3"
  name = "github.com/bnagy/gapstone"
  packages = ["."]
  pruneopts = "UT"
  revision = "c8ce2e4cbb4a79435fdfead04377f984d51beab9"
  version = "3.0.3"

[[projects]]
  digest = "1:2e466b6d6192ca7ad7c917e64e4a5d3796b516430b4a1134d7d4a8bc309c7d3c"
  name = "github.com/chzyer/readline"
  packages = [
    ".",
    "runes",
  ]
  pruneopts = "UT"
  revision = "62c6fe6193755f722b8b8788aa7357be55a50ff1"
  version = "v1.4"

[[projects]]
  branch = "master"
  digest = "1:527cb1706f5e6c23dcf5218a76ef5a2865fe8da56cbd77d52f4805b54ffe1a46"
  name = "github.com/felberj/ramfs"
  packages = ["."]
  pruneopts = "UT"
  revision = "4d4e5edb95926de68c44cb23ee2a0e2f07934bdf"

[[projects]]
  branch = "master"
  digest = "1:4a0c6bb4805508a6287675fac876be2ac1182539ca8a32468d8128882e9d5009"
  name = "github.com/golang/snappy"
  packages = ["."]
  pruneopts = "UT"
  revision = "2e65f85255dbc3072edf28d6b5b8efc472979f5a"

[[projects]]
  digest = "1:8e791db9ac7ec7eddd1f643be51d2dd66bb7093a92e86e3cbd22ddbeaad4d95b"
  name = "github.com/jroimartin/gocui"
  packages = ["."]
  pruneopts = "UT"
  revision = "4e9ce9a8e26f2ef33dfe297dbdfca148733b6b9b"
  version = "v0.3.0"

[[projects]]
  branch = "master"
  digest = "1:224ffef412ee7ca1669cbe56d2ec3f151b5048fddb646852129e04c75ec7c830"
  name = "github.com/keystone-engine/keystone"
  packages = ["bindings/go/keystone"]
  pruneopts = "UT"
  revision = "3ea06c9ed3fc23f134350383ff107a033ca7a5dc"

[[projects]]
  branch = "master"
  digest = "1:a8d5015dcce15b11579c3e9ce7fdba843f603c7443d325c09ee53498aa33b963"
  name = "github.com/lunixbochs/argjoy"
  packages = ["."]
  pruneopts = "UT"
  revision = "1ffcd6b41a67aa8d772cca898dcbcc3acb84c5f9"

[[projects]]
  branch = "master"
  digest = "1:164d394b5d29b8b8da5ade8489d52535540c1204a4b21a22c5fa23169e8214f9"
  name = "github.com/lunixbochs/capstr"
  packages = ["."]
  pruneopts = "UT"
  revision = "fd1870c1ba0d14bba6d7d125ceb71574704e16c2"

[[projects]]
  branch = "master"
  digest = "1:abb5644d6e8fff53ec83183b721be83b2bd2b52984f7957a6d31cba4cdf5a267"
  name = "github.com/lunixbochs/fvbommel-util"
  packages = ["sortorder"]
  pruneopts = "UT"
  revision = "9cef766d06c8592d23f0612cbfc14147cfdfa7e8"

[[projects]]
  branch = "master"
  digest = "1:11e60e392767bfe49a9ffb5221f8e1fa81be259dd5d9c4b7754610d8fb276f44"
  name = "github.com/lunixbochs/ghostrace"
  packages = [
    "ghost/memio",
    "ghost/sys/num",
  ]
  pruneopts = "UT"
  revision = "eccf95b50fc0983f4a35f99b568764aa05fbc86e"

[[projects]]
  branch = "master"
  digest = "1:e72bf31bf4f5c8cab9838ac66471d41cf914d01b7cbb21403bb8de85b7f20a73"
  name = "github.com/lunixbochs/luaish"
  packages = [
    ".",
    "ast",
    "parse",
    "pm",
  ]
  pruneopts = "UT"
  revision = "20a5de713b1b8d18fa2c814d3323c50fd1dad506"

[[projects]]
  branch = "master"
  digest = "1:01151de30a177ecad79052364c47bf7ef8a1656c95e0dc3f132fea0d759777a5"
  name = "github.com/lunixbochs/luaish-luar"
  packages = ["."]
  pruneopts = "UT"
  revision = "1d35ea91f7d210677e466cf1c1c63588195c6799"

[[projects]]
  digest = "1:310e6d9957d0bfde5c9423b0c9ae5ddf218564004157a567e9a3b43284970070"
  name = "github.com/lunixbochs/readline"
  packages = ["."]
  pruneopts = "UT"
  revision = "09b448ca0ba1566ed99bf53ab0f0547ee748cdc9"
  version = "v1.1"

[[projects]]
  branch = "master"
  digest = "1:40bf4b24f9127737b22d3b86ff0bef3c3e9d87604d6260d9f9b9125e7995ff49"
  name = "github.com/lunixbochs/struc"
  packages = ["."]
  pruneopts = "UT"
  revision = "02e4c2afbb2ac4bae6876f52c8273fc4cf5a4b0a"

[[projects]]
  digest = "1:c658e84ad3916da105a761660dcaeb01e63416c8ec7bc62256a9b411a05fcd67"
  name = "github.com/mattn/go-colorable"
  packages = ["."]
  pruneopts = "UT"
  revision = "167de6bfdfba052fa6b2d3664c8f5272e23c9072"
  version = "v0.0.9"

[[projects]]
  digest = "1:d4d17353dbd05cb52a2a52b7fe1771883b682806f68db442b436294926bbfafb"
  name = "github.com/mattn/go-isatty"
  packages = ["."]
  pruneopts = "UT"
  revision = "0360b2af4f38e8d38c7fce2a9f4e702702d73a39"
  version = "v0.0.3"

[[projects]]
  digest = "1:e2d1d410fb367567c2b53ed9e2d719d3c1f0891397bb2fa49afd747cfbf1e8e4"
  name = "github.com/mattn/go-runewidth"
  packages = ["."]
  pruneopts = "UT"
  revision = "9e777a8366cce605130a531d2cd6363d07ad7317"
  version = "v0.0.2"

[[projects]]
  branch = "master"
  digest = "1:2b32af4d2a529083275afc192d1067d8126b578c7a9613b26600e4df9c735155"
  name = "github.com/mgutz/ansi"
  packages = ["."]
  pruneopts = "UT"
  revision = "9520e82c474b0a04dd04f8a40959027271bab992"

[[projects]]
  branch = "master"
  digest = "1:c9b6e36dbd23f8403a04493376916ca5dad8c01b2da5ae0a05e6a468eb0b6f24"
  name = "github.com/nsf/termbox-go"
  packages = ["."]
  pruneopts = "UT"
  revision = "5c94acc5e6eb520f1bcd183974e01171cc4c23b3"

[[projects]]
  digest = "1:40e195917a951a8bf867cd05de2a46aaf1806c50cf92eebf4c16f78cd196f747"
  name = "github.com/pkg/errors"
  packages = ["."]
  pruneopts = "UT"
  revision = "645ef00459ed84a119197bfb8d8205042c6df63d"
  version = "v0.8.0"

[[projects]]
  branch = "master"
  digest = "1:8209ed8bf2336848aa760c11e809f93ba96fffa64d3c2948e970a362a46e534b"
  name = "github.com/shibukawa/configdir"
  packages = ["."]
  pruneopts = "UT"
  revision = "e180dbdc8da04c4fa04272e875ce64949f38bd3e"

[[projects]]
  branch = "master"
  digest = "1:6766d5f6adcdc36f1d63f83c099495803ca785497235269206e7780212e398d7"
  name = "github.com/unicorn-engine/unicorn"
  packages = ["bindings/go/unicorn"]
  pruneopts = "UT"
  revision = "1cb45fab51aaddf480948bf28700c3ab129366b2"

[[projects]]
  branch = "master"
  digest = "1:3f3a05ae0b95893d90b9b3b5afdb79a9b3d96e4e36e099d841ae602e4aca0da8"
  name = "golang.org/x/crypto"
  packages = ["ssh/terminal"]
  pruneopts = "UT"
  revision = "c126467f60eb25f8f27e5a981f32a87e3965053f"

[[projects]]
  branch = "master"
  digest = "1:76ee51c3f468493aff39dbacc401e8831fbb765104cbf613b89bef01cf4bad70"
  name = "golang.org/x/net"
  packages = ["context"]
  pruneopts = "UT"
  revision = "3673e40ba22529d22c3fd7c93e97b0ce50fa7bdd"

[[projects]]
  branch = "master"
  digest = "1:8742e6e73627b2877c3f723bc1823d5667ec59011242480309dc90fa862512aa"
  name = "golang.org/x/sys"
  packages = [
    "unix",
    "windows",
  ]
  pruneopts = "UT"
  revision = "bd9dbc187b6e1dacfdd2722a87e83093c2d7bd6e"

[solve-meta]
  analyzer-name = "dep"
  analyzer-version = 1
  input-imports = [
    "github.com/bnagy/gapstone",
    "github.com/chzyer/readline",
    "github.com/felberj/ramfs",
    "github.com/golang/snappy",
    "github.com/jroimartin/gocui",
    "github.com/keystone-engine/keystone/bindings/go/keystone",
    "github.com/lunixbochs/argjoy",
    "github.com/lunixbochs/capstr",
    "github.com/lunixbochs/fvbommel-util/sortorder",
    "github.com/lunixbochs/ghostrace/ghost/memio",
    "github.com/lunixbochs/ghostrace/ghost/sys/num",
    "github.com/lunixbochs/luaish",
    "github.com/lunixbochs/luaish-luar",
    "github.com/lunixbochs/luaish/parse",
    "github.com/lunixbochs/readline",
    "github.com/lunixbochs/struc",
    "github.com/mgutz/ansi",
    "github.com/pkg/errors",
    "github.com/shibukawa/configdir",
    "github.com/unicorn-engine/unicorn/bindings/go/unicorn",
  ]
  solver-name = "gps-cdcl"
  solver-version = 1
