# This file is autogenerated, do not edit; changes may be undone by the next 'dep ensure'.


[[projects]]
  branch = "master"
  digest = "1:527cb1706f5e6c23dcf5218a76ef5a2865fe8da56cbd77d52f4805b54ffe1a46"
  name = "github.com/felberj/ramfs"
  packages = ["."]
  pruneopts = "UT"
  revision = "4d4e5edb95926de68c44cb23ee2a0e2f07934bdf"

[[projects]]
  digest = "1:97df918963298c287643883209a2c3f642e6593379f97ab400c2a2e219ab647d"
  name = "github.com/golang/protobuf"
  packages = ["proto"]
  pruneopts = "UT"
  revision = "aa810b61a9c79d51363740d207bb46cf8e620ed5"
  version = "v1.2.0"

[[projects]]
  digest = "1:6881215ab12b3471f59f7f1941e317a16b3ebd59fb8595b62d6d643e9622841f"
  name = "github.com/keystone-engine/keystone"
  packages = ["bindings/go/keystone"]
  pruneopts = "UT"
  revision = "ae94ae9e645f81df1cf3d27e323e78c3023cdfe4"
  version = "0.9.1"

[[projects]]
  branch = "master"
  digest = "1:a8d5015dcce15b11579c3e9ce7fdba843f603c7443d325c09ee53498aa33b963"
  name = "github.com/lunixbochs/argjoy"
  packages = ["."]
  pruneopts = "UT"
  revision = "1ffcd6b41a67aa8d772cca898dcbcc3acb84c5f9"

[[projects]]
  branch = "master"
  digest = "1:11e60e392767bfe49a9ffb5221f8e1fa81be259dd5d9c4b7754610d8fb276f44"
  name = "github.com/lunixbochs/ghostrace"
  packages = [
    "ghost/memio",
    "ghost/sys/num",
  ]
  pruneopts = "UT"
  revision = "eccf95b50fc0983f4a35f99b568764aa05fbc86e"

[[projects]]
  branch = "master"
  digest = "1:40bf4b24f9127737b22d3b86ff0bef3c3e9d87604d6260d9f9b9125e7995ff49"
  name = "github.com/lunixbochs/struc"
  packages = ["."]
  pruneopts = "UT"
  revision = "02e4c2afbb2ac4bae6876f52c8273fc4cf5a4b0a"

[[projects]]
  digest = "1:40e195917a951a8bf867cd05de2a46aaf1806c50cf92eebf4c16f78cd196f747"
  name = "github.com/pkg/errors"
  packages = ["."]
  pruneopts = "UT"
  revision = "645ef00459ed84a119197bfb8d8205042c6df63d"
  version = "v0.8.0"

[solve-meta]
  analyzer-name = "dep"
  analyzer-version = 1
  input-imports = [
    "github.com/felberj/ramfs",
    "github.com/golang/protobuf/proto",
    "github.com/keystone-engine/keystone/bindings/go/keystone",
    "github.com/lunixbochs/argjoy",
    "github.com/lunixbochs/ghostrace/ghost/memio",
    "github.com/lunixbochs/ghostrace/ghost/sys/num",
    "github.com/lunixbochs/struc",
    "github.com/pkg/errors",
  ]
  solver-name = "gps-cdcl"
  solver-version = 1
